
Microsoft Visual Studio Solution File, Format Version 12.00
# Visual Studio 14
VisualStudioVersion = 14.0.25420.1
MinimumVisualStudioVersion = 10.0.40219.1
Project("{FAE04EC0-301F-11D3-BF4B-00C04F79EFBC}") = "model.dao", "model.dao\model.dao.csproj", "{FB2D1190-0935-49F2-B9F2-D25C86A842D5}"
EndProject
Project("{FAE04EC0-301F-11D3-BF4B-00C04F79EFBC}") = "model.entity", "model.entity\model.entity.csproj", "{DB9FD00B-0C0E-4D14-8350-F63601F6375C}"
EndProject
Project("{FAE04EC0-301F-11D3-BF4B-00C04F79EFBC}") = "model.negocio", "model.negocio\model.negocio.csproj", "{62ABAD6B-5E00-4C3B-B568-F149D54E31D3}"
EndProject
Project("{FAE04EC0-301F-11D3-BF4B-00C04F79EFBC}") = "WebMVC5", "WebMVC5\WebMVC5.csproj", "{14459AD9-08FF-41FD-AB08-34030CC94473}"
EndProject
Global
	GlobalSection(SolutionConfigurationPlatforms) = preSolution
		Debug|Any CPU = Debug|Any CPU
		Release|Any CPU = Release|Any CPU
	EndGlobalSection
	GlobalSection(ProjectConfigurationPlatforms) = postSolution
		{FB2D1190-0935-49F2-B9F2-D25C86A842D5}.Debug|Any CPU.ActiveCfg = Debug|Any CPU
		{FB2D1190-0935-49F2-B9F2-D25C86A842D5}.Debug|Any CPU.Build.0 = Debug|Any CPU
		{FB2D1190-0935-49F2-B9F2-D25C86A842D5}.Release|Any CPU.ActiveCfg = Release|Any CPU
		{FB2D1190-0935-49F2-B9F2-D25C86A842D5}.Release|Any CPU.Build.0 = Release|Any CPU
		{DB9FD00B-0C0E-4D14-8350-F63601F6375C}.Debug|Any CPU.ActiveCfg = Debug|Any CPU
		{DB9FD00B-0C0E-4D14-8350-F63601F6375C}.Debug|Any CPU.Build.0 = Debug|Any CPU
		{DB9FD00B-0C0E-4D14-8350-F63601F6375C}.Release|Any CPU.ActiveCfg = Release|Any CPU
		{DB9FD00B-0C0E-4D14-8350-F63601F6375C}.Release|Any CPU.Build.0 = Release|Any CPU
		{62ABAD6B-5E00-4C3B-B568-F149D54E31D3}.Debug|Any CPU.ActiveCfg = Debug|Any CPU
		{62ABAD6B-5E00-4C3B-B568-F149D54E31D3}.Debug|Any CPU.Build.0 = Debug|Any CPU
		{62ABAD6B-5E00-4C3B-B568-F149D54E31D3}.Release|Any CPU.ActiveCfg = Release|Any CPU
		{62ABAD6B-5E00-4C3B-B568-F149D54E31D3}.Release|Any CPU.Build.0 = Release|Any CPU
		{14459AD9-08FF-41FD-AB08-34030CC94473}.Debug|Any CPU.ActiveCfg = Debug|Any CPU
		{14459AD9-08FF-41FD-AB08-34030CC94473}.Debug|Any CPU.Build.0 = Debug|Any CPU
		{14459AD9-08FF-41FD-AB08-34030CC94473}.Release|Any CPU.ActiveCfg = Release|Any CPU
		{14459AD9-08FF-41FD-AB08-34030CC94473}.Release|Any CPU.Build.0 = Release|Any CPU
	EndGlobalSection
	GlobalSection(SolutionProperties) = preSolution
		HideSolutionNode = FALSE
	EndGlobalSection
EndGlobal
